
Microsoft Visual Studio Solution File, Format Version 12.00
# Visual Studio Version 17
VisualStudioVersion = 17.7.34202.233
MinimumVisualStudioVersion = 10.0.40219.1
Project("{FAE04EC0-301F-11D3-BF4B-00C04F79EFBC}") = "BCS21090002_LABTEST", "BCS21090002_LABTEST\BCS21090002_LABTEST.csproj", "{21A7527D-0347-4EB1-B23D-85762009FB03}"
EndProject
Project("{FAE04EC0-301F-11D3-BF4B-00C04F79EFBC}") = "BCS21090002_LABTESTWEBAPI", "BCS21090002_LABTESTWEBAPI\BCS21090002_LABTESTWEBAPI.csproj", "{CF83A6D8-D784-4DB4-8605-1AAB4BD5C974}"
EndProject
Global
	GlobalSection(SolutionConfigurationPlatforms) = preSolution
		Debug|Any CPU = Debug|Any CPU
		Release|Any CPU = Release|Any CPU
	EndGlobalSection
	GlobalSection(ProjectConfigurationPlatforms) = postSolution
		{21A7527D-0347-4EB1-B23D-85762009FB03}.Debug|Any CPU.ActiveCfg = Debug|Any CPU
		{21A7527D-0347-4EB1-B23D-85762009FB03}.Debug|Any CPU.Build.0 = Debug|Any CPU
		{21A7527D-0347-4EB1-B23D-85762009FB03}.Debug|Any CPU.Deploy.0 = Debug|Any CPU
		{21A7527D-0347-4EB1-B23D-85762009FB03}.Release|Any CPU.ActiveCfg = Release|Any CPU
		{21A7527D-0347-4EB1-B23D-85762009FB03}.Release|Any CPU.Build.0 = Release|Any CPU
		{21A7527D-0347-4EB1-B23D-85762009FB03}.Release|Any CPU.Deploy.0 = Release|Any CPU
		{CF83A6D8-D784-4DB4-8605-1AAB4BD5C974}.Debug|Any CPU.ActiveCfg = Debug|Any CPU
		{CF83A6D8-D784-4DB4-8605-1AAB4BD5C974}.Debug|Any CPU.Build.0 = Debug|Any CPU
		{CF83A6D8-D784-4DB4-8605-1AAB4BD5C974}.Release|Any CPU.ActiveCfg = Release|Any CPU
		{CF83A6D8-D784-4DB4-8605-1AAB4BD5C974}.Release|Any CPU.Build.0 = Release|Any CPU
	EndGlobalSection
	GlobalSection(SolutionProperties) = preSolution
		HideSolutionNode = FALSE
	EndGlobalSection
	GlobalSection(ExtensibilityGlobals) = postSolution
		SolutionGuid = {3E046C42-0C3C-493F-B3E4-082FEBF4F1DA}
	EndGlobalSection
EndGlobal
